
Microsoft Visual Studio Solution File, Format Version 12.00
# Visual Studio Version 17
VisualStudioVersion = 17.7.34202.233
MinimumVisualStudioVersion = 10.0.40219.1
Project("{2150E333-8FDC-42A3-9474-1A3956D46DE8}") = "tests", "tests", "{FFD08471-705E-4DB8-B48B-66B6BED5D3A1}"
EndProject
Project("{9A19103F-16F7-4668-BE54-9A1E7A4F7556}") = "GameOfLifeAPIShould", "GameOfLifeAPIShould\GameOfLifeAPIShould.csproj", "{CA17383D-EA5E-43C7-9D9D-BD9FDB62831B}"
EndProject
Project("{9A19103F-16F7-4668-BE54-9A1E7A4F7556}") = "GameOfLifeAPIInfrastructureShould", "GameOfLifeAPIInfrastructureShould\GameOfLifeAPIInfrastructureShould.csproj", "{0CBFE90D-6D6F-48E5-ACAC-D3424056AD84}"
EndProject
Project("{9A19103F-16F7-4668-BE54-9A1E7A4F7556}") = "GameOfLifeAPIBussinesShould", "GameOfLifeAPIBussinesShould\GameOfLifeAPIBussinesShould.csproj", "{249098AA-6B12-4943-9601-CB78503F6C5F}"
EndProject
Project("{9A19103F-16F7-4668-BE54-9A1E7A4F7556}") = "GameOfLifeBussines", "GameOfLifeBussines\GameOfLifeBussines.csproj", "{183CA0DE-049B-4420-994C-560E64CEAC4D}"
EndProject
Project("{9A19103F-16F7-4668-BE54-9A1E7A4F7556}") = "GameOfLifeInfrastructure", "GameOfLifePersistance\GameOfLifeInfrastructure.csproj", "{F6D80630-CEE1-4336-9E4C-CFB27C8FB336}"
EndProject
Project("{FAE04EC0-301F-11D3-BF4B-00C04F79EFBC}") = "GameOfLifeKata.API", "src\GameOfLifeKata.API\GameOfLifeKata.API.csproj", "{0773DD03-7E60-4490-9B76-4819C24E5C18}"
EndProject
Global
	GlobalSection(SolutionConfigurationPlatforms) = preSolution
		Debug|Any CPU = Debug|Any CPU
		Release|Any CPU = Release|Any CPU
	EndGlobalSection
	GlobalSection(ProjectConfigurationPlatforms) = postSolution
		{CA17383D-EA5E-43C7-9D9D-BD9FDB62831B}.Debug|Any CPU.ActiveCfg = Debug|Any CPU
		{CA17383D-EA5E-43C7-9D9D-BD9FDB62831B}.Debug|Any CPU.Build.0 = Debug|Any CPU
		{CA17383D-EA5E-43C7-9D9D-BD9FDB62831B}.Release|Any CPU.ActiveCfg = Release|Any CPU
		{CA17383D-EA5E-43C7-9D9D-BD9FDB62831B}.Release|Any CPU.Build.0 = Release|Any CPU
		{0CBFE90D-6D6F-48E5-ACAC-D3424056AD84}.Debug|Any CPU.ActiveCfg = Debug|Any CPU
		{0CBFE90D-6D6F-48E5-ACAC-D3424056AD84}.Debug|Any CPU.Build.0 = Debug|Any CPU
		{0CBFE90D-6D6F-48E5-ACAC-D3424056AD84}.Release|Any CPU.ActiveCfg = Release|Any CPU
		{0CBFE90D-6D6F-48E5-ACAC-D3424056AD84}.Release|Any CPU.Build.0 = Release|Any CPU
		{249098AA-6B12-4943-9601-CB78503F6C5F}.Debug|Any CPU.ActiveCfg = Debug|Any CPU
		{249098AA-6B12-4943-9601-CB78503F6C5F}.Debug|Any CPU.Build.0 = Debug|Any CPU
		{249098AA-6B12-4943-9601-CB78503F6C5F}.Release|Any CPU.ActiveCfg = Release|Any CPU
		{249098AA-6B12-4943-9601-CB78503F6C5F}.Release|Any CPU.Build.0 = Release|Any CPU
		{183CA0DE-049B-4420-994C-560E64CEAC4D}.Debug|Any CPU.ActiveCfg = Debug|Any CPU
		{183CA0DE-049B-4420-994C-560E64CEAC4D}.Debug|Any CPU.Build.0 = Debug|Any CPU
		{183CA0DE-049B-4420-994C-560E64CEAC4D}.Release|Any CPU.ActiveCfg = Release|Any CPU
		{183CA0DE-049B-4420-994C-560E64CEAC4D}.Release|Any CPU.Build.0 = Release|Any CPU
		{F6D80630-CEE1-4336-9E4C-CFB27C8FB336}.Debug|Any CPU.ActiveCfg = Debug|Any CPU
		{F6D80630-CEE1-4336-9E4C-CFB27C8FB336}.Debug|Any CPU.Build.0 = Debug|Any CPU
		{F6D80630-CEE1-4336-9E4C-CFB27C8FB336}.Release|Any CPU.ActiveCfg = Release|Any CPU
		{F6D80630-CEE1-4336-9E4C-CFB27C8FB336}.Release|Any CPU.Build.0 = Release|Any CPU
		{0773DD03-7E60-4490-9B76-4819C24E5C18}.Debug|Any CPU.ActiveCfg = Debug|Any CPU
		{0773DD03-7E60-4490-9B76-4819C24E5C18}.Debug|Any CPU.Build.0 = Debug|Any CPU
		{0773DD03-7E60-4490-9B76-4819C24E5C18}.Release|Any CPU.ActiveCfg = Release|Any CPU
		{0773DD03-7E60-4490-9B76-4819C24E5C18}.Release|Any CPU.Build.0 = Release|Any CPU
	EndGlobalSection
	GlobalSection(SolutionProperties) = preSolution
		HideSolutionNode = FALSE
	EndGlobalSection
	GlobalSection(NestedProjects) = preSolution
		{CA17383D-EA5E-43C7-9D9D-BD9FDB62831B} = {FFD08471-705E-4DB8-B48B-66B6BED5D3A1}
		{0CBFE90D-6D6F-48E5-ACAC-D3424056AD84} = {FFD08471-705E-4DB8-B48B-66B6BED5D3A1}
		{249098AA-6B12-4943-9601-CB78503F6C5F} = {FFD08471-705E-4DB8-B48B-66B6BED5D3A1}
	EndGlobalSection
	GlobalSection(ExtensibilityGlobals) = postSolution
		SolutionGuid = {318D3925-5480-4770-B98A-8EEABFF81433}
	EndGlobalSection
EndGlobal
